<?xml version="1.0" encoding="utf-8"?>
<Project ToolsVersion="4.0" xmlns="http://schemas.microsoft.com/developer/msbuild/2003">
  <ItemGroup>
    <Filter Include="Source Files">
      <UniqueIdentifier>{4FC737F1-C7A5-4376-A066-2A32D752A2FF}</UniqueIdentifier>
      <Extensions>cpp;c;cc;cxx;c++;cppm;ixx;def;odl;idl;hpj;bat;asm;asmx</Extensions>
    </Filter>
    <Filter Include="Header Files">
      <UniqueIdentifier>{93995380-89BD-4b04-88EB-625FBE52EBFB}</UniqueIdentifier>
      <Extensions>h;hh;hpp;hxx;h++;hm;inl;inc;ipp;xsd</Extensions>
    </Filter>
    <Filter Include="Libraries">
      <UniqueIdentifier>{9e874557-fda6-43aa-b0af-3f6e52178918}</UniqueIdentifier>
      <Extensions>lib</Extensions>
    </Filter>
    <Filter Include="Shaders">
      <UniqueIdentifier>{9e874557-fda6-43aa-b0af-3f6e52178918}</UniqueIdentifier>
      <Extensions>glsl</Extensions>
    </Filter>
  </ItemGroup>
  <ItemGroup>
    <ClInclude Include="Libraries\include\GLFW\glfw3.h">
      <Filter>Header Files</Filter>
    </ClInclude>
    <ClInclude Include="Libraries\include\GLFW\glfw3native.h">
      <Filter>Header Files</Filter>
    </ClInclude>
    <ClInclude Include="Libraries\include\KHR\khrplatform.h">
      <Filter>Header Files</Filter>
    </ClInclude>
    <ClInclude Include="Source\Shaders\Buffers\ComputeBuffer\ComputeBuffer.h">
      <Filter>Header Files</Filter>
    </ClInclude>
    <ClInclude Include="Source\Shaders\ComputeShader\ComputeShader.h">
      <Filter>Header Files</Filter>
    </ClInclude>
    <ClInclude Include="Source\Interface\FpsCounter\FpsCounter.h">
      <Filter>Header Files</Filter>
    </ClInclude>
    <ClInclude Include="Source\Interface\FpsLimiter\FpsLimiter.h">
      <Filter>Header Files</Filter>
    </ClInclude>
    <ClInclude Include="Source\Shaders\Shader\Shader.h">
      <Filter>Header Files</Filter>
    </ClInclude>
    <ClInclude Include="Source\Shaders\Buffers\Texture\Texture.h">
      <Filter>Header Files</Filter>
    </ClInclude>
    <ClInclude Include="Source\Shaders\ShaderProvider\ShaderProvider.h">
      <Filter>Header Files</Filter>
    </ClInclude>
    <ClInclude Include="Source\Interface\Interface.h">
      <Filter>Header Files</Filter>
    </ClInclude>
    <ClInclude Include="Source\Shaders\Buffers\DualComputeBuffer\DualComputeBuffer.h">
      <Filter>Header Files</Filter>
    </ClInclude>
    <ClInclude Include="Source\Simulation\SimulationDrawer\SimulationDrawer.h">
      <Filter>Header Files</Filter>
    </ClInclude>
    <ClInclude Include="Source\Interface\WindowTitle\WindowTitle.h">
      <Filter>Header Files</Filter>
    </ClInclude>
    <ClInclude Include="Libraries\include\imgui\imgui.h">
      <Filter>Header Files</Filter>
    </ClInclude>
    <ClInclude Include="Libraries\include\imgui\imgui_internal.h">
      <Filter>Header Files</Filter>
    </ClInclude>
    <ClInclude Include="Libraries\include\imgui\imconfig.h">
      <Filter>Header Files</Filter>
    </ClInclude>
    <ClInclude Include="Libraries\include\imgui\imgui_impl_glfw.h">
      <Filter>Header Files</Filter>
    </ClInclude>
    <ClInclude Include="Libraries\include\imgui\imgui_impl_opengl3.h">
      <Filter>Header Files</Filter>
    </ClInclude>
    <ClInclude Include="Libraries\include\imgui\imgui_impl_opengl3_loader.h">
      <Filter>Header Files</Filter>
    </ClInclude>
    <ClInclude Include="Libraries\include\imgui\imstb_rectpack.h">
      <Filter>Header Files</Filter>
    </ClInclude>
    <ClInclude Include="Libraries\include\imgui\imstb_textedit.h">
      <Filter>Header Files</Filter>
    </ClInclude>
    <ClInclude Include="Libraries\include\imgui\imstb_truetype.h">
      <Filter>Header Files</Filter>
    </ClInclude>
    <ClInclude Include="Source\Interface\ImGui\ImGuiHandler\ImGuiHandler.h">
      <Filter>Header Files</Filter>
    </ClInclude>
    <ClInclude Include="Source\Interface\ImGui\ImGuiWindow\ImGuiWindow.h">
      <Filter>Header Files</Filter>
    </ClInclude>
    <ClInclude Include="Source\Interface\ImGui\ImGuiWindow\ImGuiMain\ImGuiMain.h">
      <Filter>Header Files</Filter>
    </ClInclude>
    <ClInclude Include="Source\Settings\UpdateType.h">
      <Filter>Header Files</Filter>
    </ClInclude>
    <ClInclude Include="Source\Settings\Settings.h">
      <Filter>Header Files</Filter>
    </ClInclude>
    <ClInclude Include="Source\Interface\ImGui\ImGuiWindow\ImGuiDebug\ImGuiDebug.h">
      <Filter>Header Files</Filter>
    </ClInclude>
    <ClInclude Include="Source\Interface\ImGui\ImGuiWindow\ImGuiLog\ImGuiLog.h">
      <Filter>Header Files</Filter>
    </ClInclude>
    <ClInclude Include="Source\Settings\LogString\LogString.h">
      <Filter>Header Files</Filter>
    </ClInclude>
    <ClInclude Include="Source\Interface\ImGui\ImGuiWindow\ImGuiMetrics\ImGuiMetrics.h">
      <Filter>Header Files</Filter>
    </ClInclude>
    <ClInclude Include="Source\Inputs\InputHandler.h">
      <Filter>Header Files</Filter>
    </ClInclude>
    <ClInclude Include="Source\Inputs\KeyboardHandler\KeyboardHandler.h">
      <Filter>Header Files</Filter>
    </ClInclude>
    <ClInclude Include="Source\Inputs\MouseHandler\MouseHandler.h">
      <Filter>Header Files</Filter>
    </ClInclude>
    <ClInclude Include="Source\Inputs\CurrentInputs.h">
      <Filter>Header Files</Filter>
    </ClInclude>
    <ClInclude Include="Source\Settings\TransformSettings.h">
      <Filter>Header Files</Filter>
    </ClInclude>
    <ClInclude Include="Source\Simulation\SimulationDrawer\SimulationTransforms\SimulationTransforms.h">
      <Filter>Header Files</Filter>
    </ClInclude>
    <ClInclude Include="Source\Simulation\GameOfLife\GameOfLife.h">
      <Filter>Header Files</Filter>
    </ClInclude>
    <ClInclude Include="Source\Simulation\Simulation.h">
      <Filter>Header Files</Filter>
    </ClInclude>
    <ClInclude Include="Libraries\include\glad\gl.h">
      <Filter>Header Files</Filter>
    </ClInclude>
  </ItemGroup>
  <ItemGroup>
    <ClCompile Include="Source\Shaders\Buffers\ComputeBuffer\ComputeBuffer.cpp">
      <Filter>Source Files</Filter>
    </ClCompile>
    <ClCompile Include="Source\Shaders\ComputeShader\ComputeShader.cpp">
      <Filter>Source Files</Filter>
    </ClCompile>
    <ClCompile Include="Source\Interface\FpsCounter\FpsCounter.cpp">
      <Filter>Source Files</Filter>
    </ClCompile>
    <ClCompile Include="Source\Interface\FpsLimiter\FpsLimiter.cpp">
      <Filter>Source Files</Filter>
    </ClCompile>
    <ClCompile Include="Source\Shaders\Shader\Shader.cpp">
      <Filter>Source Files</Filter>
    </ClCompile>
    <ClCompile Include="Source\Shaders\Buffers\Texture\Texture.cpp">
      <Filter>Source Files</Filter>
    </ClCompile>
    <ClCompile Include="Source\Shaders\ShaderProvider\ShaderProvider.cpp">
      <Filter>Source Files</Filter>
    </ClCompile>
    <ClCompile Include="Source\Interface\Interface.cpp">
      <Filter>Source Files</Filter>
    </ClCompile>
    <ClCompile Include="Source\Shaders\Buffers\DualComputeBuffer\DualComputeBuffer.cpp">
      <Filter>Source Files</Filter>
    </ClCompile>
    <ClCompile Include="Source\Simulation\SimulationDrawer\SimulationDrawer.cpp">
      <Filter>Source Files</Filter>
    </ClCompile>
    <ClCompile Include="Source\Interface\WindowTitle\WindowTitle.cpp">
      <Filter>Source Files</Filter>
    </ClCompile>
    <ClCompile Include="Libraries\include\imgui\imgui.cpp">
      <Filter>Source Files</Filter>
    </ClCompile>
    <ClCompile Include="Libraries\include\imgui\imgui_demo.cpp">
      <Filter>Source Files</Filter>
    </ClCompile>
    <ClCompile Include="Libraries\include\imgui\imgui_draw.cpp">
      <Filter>Source Files</Filter>
    </ClCompile>
    <ClCompile Include="Libraries\include\imgui\imgui_tables.cpp">
      <Filter>Source Files</Filter>
    </ClCompile>
    <ClCompile Include="Libraries\include\imgui\imgui_widgets.cpp">
      <Filter>Source Files</Filter>
    </ClCompile>
    <ClCompile Include="Libraries\include\imgui\imgui_impl_glfw.cpp">
      <Filter>Source Files</Filter>
    </ClCompile>
    <ClCompile Include="Libraries\include\imgui\imgui_impl_opengl3.cpp">
      <Filter>Source Files</Filter>
    </ClCompile>
    <ClCompile Include="Source\Interface\ImGui\ImGuiHandler\ImGuiHandler.cpp">
      <Filter>Source Files</Filter>
    </ClCompile>
    <ClCompile Include="Source\Interface\ImGui\ImGuiWindow\ImGuiMain\ImGuiMain.cpp">
      <Filter>Source Files</Filter>
    </ClCompile>
    <ClCompile Include="Source\Interface\ImGui\ImGuiHandler\ProggyRegular.cpp">
      <Filter>Source Files</Filter>
    </ClCompile>
    <ClCompile Include="Source\main.cpp">
      <Filter>Source Files</Filter>
    </ClCompile>
    <ClCompile Include="Source\Shaders\ShaderProvider\PackedShaders.cpp">
      <Filter>Source Files</Filter>
    </ClCompile>
    <ClCompile Include="Source\Interface\ImGui\ImGuiWindow\ImGuiDebug\ImGuiDebug.cpp">
      <Filter>Source Files</Filter>
    </ClCompile>
    <ClCompile Include="Source\Interface\ImGui\ImGuiWindow\ImGuiLog\ImGuiLog.cpp">
      <Filter>Source Files</Filter>
    </ClCompile>
    <ClCompile Include="Source\Settings\LogString\LogString.cpp">
      <Filter>Source Files</Filter>
    </ClCompile>
    <ClCompile Include="Source\Interface\ImGui\ImGuiWindow\ImGuiMetrics\ImGuiMetrics.cpp">
      <Filter>Source Files</Filter>
    </ClCompile>
    <ClCompile Include="Source\Inputs\InputHandler.cpp">
      <Filter>Source Files</Filter>
    </ClCompile>
    <ClCompile Include="Source\Inputs\KeyboardHandler\KeyboardHandler.cpp">
      <Filter>Source Files</Filter>
    </ClCompile>
    <ClCompile Include="Source\Inputs\MouseHandler\MouseHandler.cpp">
      <Filter>Source Files</Filter>
    </ClCompile>
    <ClCompile Include="Source\Interface\InterfaceCallbacks.cpp">
      <Filter>Source Files</Filter>
    </ClCompile>
    <ClCompile Include="Source\Simulation\SimulationDrawer\SimulationTransforms\SimulationTransforms.cpp">
      <Filter>Source Files</Filter>
    </ClCompile>
    <ClCompile Include="Source\Simulation\GameOfLife\GameOfLife.cpp">
      <Filter>Source Files</Filter>
    </ClCompile>
    <ClCompile Include="Source\Simulation\Simulation.cpp">
      <Filter>Source Files</Filter>
    </ClCompile>
    <ClCompile Include="Libraries\include\glad\gl.c">
      <Filter>Source Files</Filter>
    </ClCompile>
  </ItemGroup>
  <ItemGroup>
    <Library Include="Libraries\lib\glfw3.lib">
      <Filter>Libraries</Filter>
    </Library>
  </ItemGroup>
  <ItemGroup>
    <None Include="Source\Shaders\Shaders\BufferConverter.glsl">
      <Filter>Shaders</Filter>
    </None>
    <None Include="Source\Shaders\Shaders\FragmentDefault.glsl">
      <Filter>Shaders</Filter>
    </None>
    <None Include="Source\Shaders\Shaders\GameOfLife.glsl">
      <Filter>Shaders</Filter>
    </None>
    <None Include="Source\Shaders\Shaders\GameOfLifeInit.glsl">
      <Filter>Shaders</Filter>
    </None>
    <None Include="Source\Shaders\Shaders\VertexDefault.glsl">
      <Filter>Shaders</Filter>
    </None>
    <None Include="Libraries\lib\glfw3.pdb">
      <Filter>Libraries</Filter>
    </None>
  </ItemGroup>
</Project>